
Microsoft Visual Studio Solution File, Format Version 12.00
# Visual Studio Version 16
VisualStudioVersion = 16.0.32510.428
MinimumVisualStudioVersion = 10.0.40219.1
Project("{FAE04EC0-301F-11D3-BF4B-00C04F79EFBC}") = "PanelTesting", "PanelTesting\PanelTesting.csproj", "{5810B92A-8BDD-480C-925F-BC3BF1338801}"
EndProject
Global
	GlobalSection(SolutionConfigurationPlatforms) = preSolution
		Debug|Any CPU = Debug|Any CPU
		Release|Any CPU = Release|Any CPU
	EndGlobalSection
	GlobalSection(ProjectConfigurationPlatforms) = postSolution
		{5810B92A-8BDD-480C-925F-BC3BF1338801}.Debug|Any CPU.ActiveCfg = Debug|Any CPU
		{5810B92A-8BDD-480C-925F-BC3BF1338801}.Debug|Any CPU.Build.0 = Debug|Any CPU
		{5810B92A-8BDD-480C-925F-BC3BF1338801}.Release|Any CPU.ActiveCfg = Release|Any CPU
		{5810B92A-8BDD-480C-925F-BC3BF1338801}.Release|Any CPU.Build.0 = Release|Any CPU
	EndGlobalSection
	GlobalSection(SolutionProperties) = preSolution
		HideSolutionNode = FALSE
	EndGlobalSection
	GlobalSection(ExtensibilityGlobals) = postSolution
		SolutionGuid = {571D5E5A-2534-4A86-9A7B-0FDCA31E2AA4}
	EndGlobalSection
EndGlobal
